
Microsoft Visual Studio Solution File, Format Version 12.00
# Visual Studio 2012
Project("{FAE04EC0-301F-11D3-BF4B-00C04F79EFBC}") = "FanReact.iOS", "iOS\FanReact.iOS.csproj", "{C8C8D4A9-2816-4E34-8E26-A42920BD3A19}"
EndProject
Project("{FAE04EC0-301F-11D3-BF4B-00C04F79EFBC}") = "FanReact", "FanReact\FanReact.csproj", "{E20EC87A-83AC-4538-841E-26ABA0635157}"
EndProject
Project("{FAE04EC0-301F-11D3-BF4B-00C04F79EFBC}") = "FanReact.Droid", "Droid\FanReact.Droid.csproj", "{9B063486-B2B0-4F6E-B5CF-B8D4D9A84D43}"
EndProject
Global
	GlobalSection(SolutionConfigurationPlatforms) = preSolution
		Debug|Any CPU = Debug|Any CPU
		Release|Any CPU = Release|Any CPU
		Debug|iPhoneSimulator = Debug|iPhoneSimulator
		Release|iPhone = Release|iPhone
		Release|iPhoneSimulator = Release|iPhoneSimulator
		Debug|iPhone = Debug|iPhone
		Upward - Debug|Any CPU = Upward - Debug|Any CPU
		Upward - Debug|iPhone = Upward - Debug|iPhone
		Upward - Debug|iPhoneSimulator = Upward - Debug|iPhoneSimulator
		Upward-Release|Any CPU = Upward-Release|Any CPU
		DEV-Debug|Any CPU = DEV-Debug|Any CPU
		DEV-Debug|iPhone = DEV-Debug|iPhone
		DEV-Debug|iPhoneSimulator = DEV-Debug|iPhoneSimulator
		QA-Debug|Any CPU = QA-Debug|Any CPU
		QA-Debug|iPhone = QA-Debug|iPhone
		QA-Debug|iPhoneSimulator = QA-Debug|iPhoneSimulator
		PROD-Debug|Any CPU = PROD-Debug|Any CPU
		PROD-Debug|iPhone = PROD-Debug|iPhone
		PROD-Debug|iPhoneSimulator = PROD-Debug|iPhoneSimulator
		QA-Release|Any CPU = QA-Release|Any CPU
		QA-Release|iPhone = QA-Release|iPhone
	EndGlobalSection
	GlobalSection(ProjectConfigurationPlatforms) = postSolution
		{C8C8D4A9-2816-4E34-8E26-A42920BD3A19}.Debug|Any CPU.ActiveCfg = Debug|iPhoneSimulator
		{C8C8D4A9-2816-4E34-8E26-A42920BD3A19}.Release|Any CPU.ActiveCfg = Release|iPhone
		{C8C8D4A9-2816-4E34-8E26-A42920BD3A19}.Release|Any CPU.Build.0 = Release|iPhone
		{C8C8D4A9-2816-4E34-8E26-A42920BD3A19}.Debug|iPhoneSimulator.ActiveCfg = Debug|iPhoneSimulator
		{C8C8D4A9-2816-4E34-8E26-A42920BD3A19}.Debug|iPhoneSimulator.Build.0 = Debug|iPhoneSimulator
		{C8C8D4A9-2816-4E34-8E26-A42920BD3A19}.Release|iPhone.ActiveCfg = Release|iPhone
		{C8C8D4A9-2816-4E34-8E26-A42920BD3A19}.Release|iPhone.Build.0 = Release|iPhone
		{C8C8D4A9-2816-4E34-8E26-A42920BD3A19}.Release|iPhoneSimulator.ActiveCfg = Release|iPhoneSimulator
		{C8C8D4A9-2816-4E34-8E26-A42920BD3A19}.Release|iPhoneSimulator.Build.0 = Release|iPhoneSimulator
		{C8C8D4A9-2816-4E34-8E26-A42920BD3A19}.Debug|iPhone.ActiveCfg = Debug|iPhone
		{C8C8D4A9-2816-4E34-8E26-A42920BD3A19}.Debug|iPhone.Build.0 = Debug|iPhone
		{C8C8D4A9-2816-4E34-8E26-A42920BD3A19}.DEV-Debug|Any CPU.ActiveCfg = Release|iPhone
		{C8C8D4A9-2816-4E34-8E26-A42920BD3A19}.DEV-Debug|iPhone.ActiveCfg = Debug|iPhone
		{C8C8D4A9-2816-4E34-8E26-A42920BD3A19}.DEV-Debug|iPhone.Build.0 = Debug|iPhone
		{C8C8D4A9-2816-4E34-8E26-A42920BD3A19}.DEV-Debug|iPhoneSimulator.ActiveCfg = Debug|iPhoneSimulator
		{C8C8D4A9-2816-4E34-8E26-A42920BD3A19}.DEV-Debug|iPhoneSimulator.Build.0 = Debug|iPhoneSimulator
		{C8C8D4A9-2816-4E34-8E26-A42920BD3A19}.QA-Debug|Any CPU.ActiveCfg = Debug|iPhoneSimulator
		{C8C8D4A9-2816-4E34-8E26-A42920BD3A19}.QA-Debug|iPhone.ActiveCfg = Debug|iPhone
		{C8C8D4A9-2816-4E34-8E26-A42920BD3A19}.QA-Debug|iPhone.Build.0 = Debug|iPhone
		{C8C8D4A9-2816-4E34-8E26-A42920BD3A19}.QA-Debug|iPhoneSimulator.ActiveCfg = Debug|iPhoneSimulator
		{C8C8D4A9-2816-4E34-8E26-A42920BD3A19}.QA-Debug|iPhoneSimulator.Build.0 = Debug|iPhoneSimulator
		{C8C8D4A9-2816-4E34-8E26-A42920BD3A19}.PROD-Debug|Any CPU.ActiveCfg = Debug|iPhoneSimulator
		{C8C8D4A9-2816-4E34-8E26-A42920BD3A19}.PROD-Debug|iPhone.ActiveCfg = Debug|iPhone
		{C8C8D4A9-2816-4E34-8E26-A42920BD3A19}.PROD-Debug|iPhone.Build.0 = Debug|iPhone
		{C8C8D4A9-2816-4E34-8E26-A42920BD3A19}.PROD-Debug|iPhoneSimulator.ActiveCfg = Debug|iPhoneSimulator
		{C8C8D4A9-2816-4E34-8E26-A42920BD3A19}.PROD-Debug|iPhoneSimulator.Build.0 = Debug|iPhoneSimulator
		{C8C8D4A9-2816-4E34-8E26-A42920BD3A19}.Debug|Any CPU.Build.0 = Debug|iPhoneSimulator
		{C8C8D4A9-2816-4E34-8E26-A42920BD3A19}.QA-Release|Any CPU.ActiveCfg = Release|iPhone
		{C8C8D4A9-2816-4E34-8E26-A42920BD3A19}.QA-Release|iPhone.ActiveCfg = Release|iPhone
		{C8C8D4A9-2816-4E34-8E26-A42920BD3A19}.QA-Release|iPhone.Build.0 = Release|iPhone
		{E20EC87A-83AC-4538-841E-26ABA0635157}.Debug|Any CPU.ActiveCfg = Debug|Any CPU
		{E20EC87A-83AC-4538-841E-26ABA0635157}.Debug|Any CPU.Build.0 = Debug|Any CPU
		{E20EC87A-83AC-4538-841E-26ABA0635157}.Release|Any CPU.ActiveCfg = Release|Any CPU
		{E20EC87A-83AC-4538-841E-26ABA0635157}.Release|Any CPU.Build.0 = Release|Any CPU
		{E20EC87A-83AC-4538-841E-26ABA0635157}.Debug|iPhoneSimulator.ActiveCfg = Debug|Any CPU
		{E20EC87A-83AC-4538-841E-26ABA0635157}.Debug|iPhoneSimulator.Build.0 = Debug|Any CPU
		{E20EC87A-83AC-4538-841E-26ABA0635157}.Release|iPhone.ActiveCfg = Release|Any CPU
		{E20EC87A-83AC-4538-841E-26ABA0635157}.Release|iPhone.Build.0 = Release|Any CPU
		{E20EC87A-83AC-4538-841E-26ABA0635157}.Release|iPhoneSimulator.ActiveCfg = Release|Any CPU
		{E20EC87A-83AC-4538-841E-26ABA0635157}.Release|iPhoneSimulator.Build.0 = Release|Any CPU
		{E20EC87A-83AC-4538-841E-26ABA0635157}.Debug|iPhone.ActiveCfg = Debug|Any CPU
		{E20EC87A-83AC-4538-841E-26ABA0635157}.Debug|iPhone.Build.0 = Debug|Any CPU
		{E20EC87A-83AC-4538-841E-26ABA0635157}.DEV-Debug|Any CPU.ActiveCfg = Debug|Any CPU
		{E20EC87A-83AC-4538-841E-26ABA0635157}.DEV-Debug|Any CPU.Build.0 = Debug|Any CPU
		{E20EC87A-83AC-4538-841E-26ABA0635157}.DEV-Debug|iPhone.ActiveCfg = Debug|Any CPU
		{E20EC87A-83AC-4538-841E-26ABA0635157}.DEV-Debug|iPhone.Build.0 = Debug|Any CPU
		{E20EC87A-83AC-4538-841E-26ABA0635157}.DEV-Debug|iPhoneSimulator.ActiveCfg = Debug|Any CPU
		{E20EC87A-83AC-4538-841E-26ABA0635157}.DEV-Debug|iPhoneSimulator.Build.0 = Debug|Any CPU
		{E20EC87A-83AC-4538-841E-26ABA0635157}.QA-Debug|Any CPU.ActiveCfg = Debug|Any CPU
		{E20EC87A-83AC-4538-841E-26ABA0635157}.QA-Debug|Any CPU.Build.0 = Debug|Any CPU
		{E20EC87A-83AC-4538-841E-26ABA0635157}.QA-Debug|iPhone.ActiveCfg = Debug|Any CPU
		{E20EC87A-83AC-4538-841E-26ABA0635157}.QA-Debug|iPhone.Build.0 = Debug|Any CPU
		{E20EC87A-83AC-4538-841E-26ABA0635157}.QA-Debug|iPhoneSimulator.ActiveCfg = Debug|Any CPU
		{E20EC87A-83AC-4538-841E-26ABA0635157}.QA-Debug|iPhoneSimulator.Build.0 = Debug|Any CPU
		{E20EC87A-83AC-4538-841E-26ABA0635157}.PROD-Debug|Any CPU.ActiveCfg = Debug|Any CPU
		{E20EC87A-83AC-4538-841E-26ABA0635157}.PROD-Debug|Any CPU.Build.0 = Debug|Any CPU
		{E20EC87A-83AC-4538-841E-26ABA0635157}.PROD-Debug|iPhone.ActiveCfg = Debug|Any CPU
		{E20EC87A-83AC-4538-841E-26ABA0635157}.PROD-Debug|iPhone.Build.0 = Debug|Any CPU
		{E20EC87A-83AC-4538-841E-26ABA0635157}.PROD-Debug|iPhoneSimulator.ActiveCfg = Debug|Any CPU
		{E20EC87A-83AC-4538-841E-26ABA0635157}.PROD-Debug|iPhoneSimulator.Build.0 = Debug|Any CPU
		{E20EC87A-83AC-4538-841E-26ABA0635157}.QA-Release|Any CPU.ActiveCfg = Release|Any CPU
		{E20EC87A-83AC-4538-841E-26ABA0635157}.QA-Release|Any CPU.Build.0 = Release|Any CPU
		{E20EC87A-83AC-4538-841E-26ABA0635157}.QA-Release|iPhone.ActiveCfg = Release|Any CPU
		{E20EC87A-83AC-4538-841E-26ABA0635157}.QA-Release|iPhone.Build.0 = Release|Any CPU
		{9B063486-B2B0-4F6E-B5CF-B8D4D9A84D43}.Debug|Any CPU.ActiveCfg = Debug|Any CPU
		{9B063486-B2B0-4F6E-B5CF-B8D4D9A84D43}.Debug|Any CPU.Build.0 = Debug|Any CPU
		{9B063486-B2B0-4F6E-B5CF-B8D4D9A84D43}.Release|Any CPU.ActiveCfg = Release|Any CPU
		{9B063486-B2B0-4F6E-B5CF-B8D4D9A84D43}.Release|Any CPU.Build.0 = Release|Any CPU
		{9B063486-B2B0-4F6E-B5CF-B8D4D9A84D43}.Debug|iPhoneSimulator.ActiveCfg = Debug|Any CPU
		{9B063486-B2B0-4F6E-B5CF-B8D4D9A84D43}.Debug|iPhoneSimulator.Build.0 = Debug|Any CPU
		{9B063486-B2B0-4F6E-B5CF-B8D4D9A84D43}.Release|iPhone.ActiveCfg = Release|Any CPU
		{9B063486-B2B0-4F6E-B5CF-B8D4D9A84D43}.Release|iPhone.Build.0 = Release|Any CPU
		{9B063486-B2B0-4F6E-B5CF-B8D4D9A84D43}.Release|iPhoneSimulator.ActiveCfg = Release|Any CPU
		{9B063486-B2B0-4F6E-B5CF-B8D4D9A84D43}.Release|iPhoneSimulator.Build.0 = Release|Any CPU
		{9B063486-B2B0-4F6E-B5CF-B8D4D9A84D43}.Debug|iPhone.ActiveCfg = Debug|Any CPU
		{9B063486-B2B0-4F6E-B5CF-B8D4D9A84D43}.Debug|iPhone.Build.0 = Debug|Any CPU
		{9B063486-B2B0-4F6E-B5CF-B8D4D9A84D43}.Upward - Debug|Any CPU.ActiveCfg = Debug|Any CPU
		{9B063486-B2B0-4F6E-B5CF-B8D4D9A84D43}.Upward - Debug|Any CPU.Build.0 = Debug|Any CPU
		{9B063486-B2B0-4F6E-B5CF-B8D4D9A84D43}.Upward - Debug|iPhone.ActiveCfg = Debug|Any CPU
		{9B063486-B2B0-4F6E-B5CF-B8D4D9A84D43}.Upward - Debug|iPhone.Build.0 = Debug|Any CPU
		{9B063486-B2B0-4F6E-B5CF-B8D4D9A84D43}.Upward - Debug|iPhoneSimulator.ActiveCfg = Debug|Any CPU
		{9B063486-B2B0-4F6E-B5CF-B8D4D9A84D43}.Upward - Debug|iPhoneSimulator.Build.0 = Debug|Any CPU
		{9B063486-B2B0-4F6E-B5CF-B8D4D9A84D43}.Upward-Release|Any CPU.ActiveCfg = Debug|Any CPU
		{9B063486-B2B0-4F6E-B5CF-B8D4D9A84D43}.Upward-Release|Any CPU.Build.0 = Debug|Any CPU
		{9B063486-B2B0-4F6E-B5CF-B8D4D9A84D43}.DEV-Debug|Any CPU.ActiveCfg = Release|Any CPU
		{9B063486-B2B0-4F6E-B5CF-B8D4D9A84D43}.DEV-Debug|Any CPU.Build.0 = Release|Any CPU
		{9B063486-B2B0-4F6E-B5CF-B8D4D9A84D43}.DEV-Debug|iPhone.ActiveCfg = Debug|Any CPU
		{9B063486-B2B0-4F6E-B5CF-B8D4D9A84D43}.DEV-Debug|iPhone.Build.0 = Debug|Any CPU
		{9B063486-B2B0-4F6E-B5CF-B8D4D9A84D43}.DEV-Debug|iPhoneSimulator.ActiveCfg = Debug|Any CPU
		{9B063486-B2B0-4F6E-B5CF-B8D4D9A84D43}.DEV-Debug|iPhoneSimulator.Build.0 = Debug|Any CPU
		{9B063486-B2B0-4F6E-B5CF-B8D4D9A84D43}.QA-Debug|Any CPU.ActiveCfg = Debug|Any CPU
		{9B063486-B2B0-4F6E-B5CF-B8D4D9A84D43}.QA-Debug|Any CPU.Build.0 = Debug|Any CPU
		{9B063486-B2B0-4F6E-B5CF-B8D4D9A84D43}.QA-Debug|iPhone.ActiveCfg = Debug|Any CPU
		{9B063486-B2B0-4F6E-B5CF-B8D4D9A84D43}.QA-Debug|iPhone.Build.0 = Debug|Any CPU
		{9B063486-B2B0-4F6E-B5CF-B8D4D9A84D43}.QA-Debug|iPhoneSimulator.ActiveCfg = Debug|Any CPU
		{9B063486-B2B0-4F6E-B5CF-B8D4D9A84D43}.QA-Debug|iPhoneSimulator.Build.0 = Debug|Any CPU
		{9B063486-B2B0-4F6E-B5CF-B8D4D9A84D43}.PROD-Debug|Any CPU.ActiveCfg = Debug|Any CPU
		{9B063486-B2B0-4F6E-B5CF-B8D4D9A84D43}.PROD-Debug|Any CPU.Build.0 = Debug|Any CPU
		{9B063486-B2B0-4F6E-B5CF-B8D4D9A84D43}.PROD-Debug|iPhone.ActiveCfg = Debug|Any CPU
		{9B063486-B2B0-4F6E-B5CF-B8D4D9A84D43}.PROD-Debug|iPhone.Build.0 = Debug|Any CPU
		{9B063486-B2B0-4F6E-B5CF-B8D4D9A84D43}.PROD-Debug|iPhoneSimulator.ActiveCfg = Debug|Any CPU
		{9B063486-B2B0-4F6E-B5CF-B8D4D9A84D43}.PROD-Debug|iPhoneSimulator.Build.0 = Debug|Any CPU
		{9B063486-B2B0-4F6E-B5CF-B8D4D9A84D43}.QA-Release|Any CPU.ActiveCfg = Release|Any CPU
		{9B063486-B2B0-4F6E-B5CF-B8D4D9A84D43}.QA-Release|Any CPU.Build.0 = Release|Any CPU
		{9B063486-B2B0-4F6E-B5CF-B8D4D9A84D43}.QA-Release|iPhone.ActiveCfg = Release|Any CPU
		{9B063486-B2B0-4F6E-B5CF-B8D4D9A84D43}.QA-Release|iPhone.Build.0 = Release|Any CPU
	EndGlobalSection
	GlobalSection(MonoDevelopProperties) = preSolution
		Policies = $0
		$0.TextStylePolicy = $1
		$1.FileWidth = 80
		$1.scope = text/plain
		$0.DotNetNamingPolicy = $2
		$0.TextStylePolicy = $3
		$3.inheritsSet = null
		$3.scope = text/x-csharp
		$0.CSharpFormattingPolicy = $4
		$4.scope = text/x-csharp
		$0.TextStylePolicy = $5
		$5.inheritsSet = null
		$5.scope = application/xml
		$0.XmlFormattingPolicy = $6
		$6.scope = application/xml
		$0.TextStylePolicy = $7
		$7.inheritsSet = null
		$7.scope = application/config+xml
		$0.XmlFormattingPolicy = $8
		$8.inheritsSet = null
		$8.scope = application/config+xml
		$0.TextStylePolicy = $9
		$9.inheritsSet = null
		$9.scope = text/x-css
		$0.CSSFormattingPolicy = $10
		$10.AutomaticFormatting = True
		$10.BracePositions = SemiExpanded
		$10.FormatOnPaste = True
		$10.HierarchicalIndentation = True
		$10.scope = text/x-css
	EndGlobalSection
	GlobalSection(NestedProjects) = preSolution
	EndGlobalSection
EndGlobal
